
Microsoft Visual Studio Solution File, Format Version 12.00
# Visual Studio Version 16
VisualStudioVersion = 16.0.30717.126
MinimumVisualStudioVersion = 10.0.40219.1
Project("{9A19103F-16F7-4668-BE54-9A1E7A4F7556}") = "listMakingApp", "listMakingApp.csproj", "{8657CB24-2267-40D0-BC7F-764D045C4192}"
EndProject
Project("{FAE04EC0-301F-11D3-BF4B-00C04F79EFBC}") = "ListsUI", "..\ListsUI\ListsUI.csproj", "{2D82A757-E76E-48F1-92B1-2D33F62126C3}"
EndProject
Global
	GlobalSection(SolutionConfigurationPlatforms) = preSolution
		Debug|Any CPU = Debug|Any CPU
		Release|Any CPU = Release|Any CPU
	EndGlobalSection
	GlobalSection(ProjectConfigurationPlatforms) = postSolution
		{8657CB24-2267-40D0-BC7F-764D045C4192}.Debug|Any CPU.ActiveCfg = Debug|Any CPU
		{8657CB24-2267-40D0-BC7F-764D045C4192}.Debug|Any CPU.Build.0 = Debug|Any CPU
		{8657CB24-2267-40D0-BC7F-764D045C4192}.Release|Any CPU.ActiveCfg = Release|Any CPU
		{8657CB24-2267-40D0-BC7F-764D045C4192}.Release|Any CPU.Build.0 = Release|Any CPU
		{2D82A757-E76E-48F1-92B1-2D33F62126C3}.Debug|Any CPU.ActiveCfg = Debug|Any CPU
		{2D82A757-E76E-48F1-92B1-2D33F62126C3}.Debug|Any CPU.Build.0 = Debug|Any CPU
		{2D82A757-E76E-48F1-92B1-2D33F62126C3}.Release|Any CPU.ActiveCfg = Release|Any CPU
		{2D82A757-E76E-48F1-92B1-2D33F62126C3}.Release|Any CPU.Build.0 = Release|Any CPU
	EndGlobalSection
	GlobalSection(SolutionProperties) = preSolution
		HideSolutionNode = FALSE
	EndGlobalSection
	GlobalSection(ExtensibilityGlobals) = postSolution
		SolutionGuid = {8D311B95-4D1E-4A52-9C15-5A68AC5DB1A2}
	EndGlobalSection
EndGlobal
